
Microsoft Visual Studio Solution File, Format Version 12.00
# Visual Studio Version 16
VisualStudioVersion = 16.0.31004.235
MinimumVisualStudioVersion = 10.0.40219.1
Project("{9A19103F-16F7-4668-BE54-9A1E7A4F7556}") = "SonarJSPocTests", "SonarJSPocTests\SonarJSPocTests.csproj", "{E9C09E3C-E4A2-40AB-ACE2-6D1AE7F488E1}"
EndProject
Project("{9A19103F-16F7-4668-BE54-9A1E7A4F7556}") = "SonarJSProto", "SonarJSProto\SonarJSProto.csproj", "{3BC30524-0B9F-4B60-8482-B317B986EDBC}"
EndProject
Global
	GlobalSection(SolutionConfigurationPlatforms) = preSolution
		Debug|Any CPU = Debug|Any CPU
		Release|Any CPU = Release|Any CPU
	EndGlobalSection
	GlobalSection(ProjectConfigurationPlatforms) = postSolution
		{E9C09E3C-E4A2-40AB-ACE2-6D1AE7F488E1}.Debug|Any CPU.ActiveCfg = Debug|Any CPU
		{E9C09E3C-E4A2-40AB-ACE2-6D1AE7F488E1}.Debug|Any CPU.Build.0 = Debug|Any CPU
		{E9C09E3C-E4A2-40AB-ACE2-6D1AE7F488E1}.Release|Any CPU.ActiveCfg = Release|Any CPU
		{E9C09E3C-E4A2-40AB-ACE2-6D1AE7F488E1}.Release|Any CPU.Build.0 = Release|Any CPU
		{3BC30524-0B9F-4B60-8482-B317B986EDBC}.Debug|Any CPU.ActiveCfg = Debug|Any CPU
		{3BC30524-0B9F-4B60-8482-B317B986EDBC}.Debug|Any CPU.Build.0 = Debug|Any CPU
		{3BC30524-0B9F-4B60-8482-B317B986EDBC}.Release|Any CPU.ActiveCfg = Release|Any CPU
		{3BC30524-0B9F-4B60-8482-B317B986EDBC}.Release|Any CPU.Build.0 = Release|Any CPU
	EndGlobalSection
	GlobalSection(SolutionProperties) = preSolution
		HideSolutionNode = FALSE
	EndGlobalSection
	GlobalSection(ExtensibilityGlobals) = postSolution
		SolutionGuid = {801EC2CA-0CB1-4629-BCE3-8701CBAEB3D0}
	EndGlobalSection
EndGlobal
